// !$*UTF8*$!
{
	archiveVersion = 1;
	classes = {
	};
	objectVersion = 50;
	objects = {

/* Begin PBXBuildFile section */
		860B178023F3A4E500A5FA2D /* AppDelegate.swift in Sources */ = {isa = PBXBuildFile; fileRef = 860B177F23F3A4E500A5FA2D /* AppDelegate.swift */; };
		860B178423F3A4E500A5FA2D /* MainViewController.swift in Sources */ = {isa = PBXBuildFile; fileRef = 860B178323F3A4E500A5FA2D /* MainViewController.swift */; };
		860B178923F3A4E500A5FA2D /* Assets.xcassets in Resources */ = {isa = PBXBuildFile; fileRef = 860B178823F3A4E500A5FA2D /* Assets.xcassets */; };
		860B178C23F3A4E500A5FA2D /* LaunchScreen.storyboard in Resources */ = {isa = PBXBuildFile; fileRef = 860B178A23F3A4E500A5FA2D /* LaunchScreen.storyboard */; };
		863C7518240DF51300B9E089 /* GenerationController.swift in Sources */ = {isa = PBXBuildFile; fileRef = 863C7517240DF51300B9E089 /* GenerationController.swift */; };
		866A162E24095C4A00448243 /* MainNavigationController.swift in Sources */ = {isa = PBXBuildFile; fileRef = 866A162D24095C4A00448243 /* MainNavigationController.swift */; };
		866A16342409661700448243 /* ParameterTableViewCell.swift in Sources */ = {isa = PBXBuildFile; fileRef = 866A16332409661700448243 /* ParameterTableViewCell.swift */; };
		866A163824096B1400448243 /* 8bitOperatorPlus8-Regular.ttf in Resources */ = {isa = PBXBuildFile; fileRef = 866A163724096B1400448243 /* 8bitOperatorPlus8-Regular.ttf */; };
		866A163E2409700900448243 /* Parameter.swift in Sources */ = {isa = PBXBuildFile; fileRef = 866A163D2409700900448243 /* Parameter.swift */; };
		866A16402409702400448243 /* ParameterController.swift in Sources */ = {isa = PBXBuildFile; fileRef = 866A163F2409702400448243 /* ParameterController.swift */; };
		8698456024020106003E4D8E /* ParametersViewController.swift in Sources */ = {isa = PBXBuildFile; fileRef = 8698455F24020106003E4D8E /* ParametersViewController.swift */; };
		86B70370242C1BC000E3C8FD /* TutorialController.swift in Sources */ = {isa = PBXBuildFile; fileRef = 86B7036F242C1BC000E3C8FD /* TutorialController.swift */; };
		86B70372242C1F3800E3C8FD /* Tutorial.swift in Sources */ = {isa = PBXBuildFile; fileRef = 86B70371242C1F3800E3C8FD /* Tutorial.swift */; };
		86B70375242C22F100E3C8FD /* OnboardingTutorialViewController.swift in Sources */ = {isa = PBXBuildFile; fileRef = 86B70374242C22F100E3C8FD /* OnboardingTutorialViewController.swift */; };
		86E595B42404B9AD00231D53 /* 8BitBoldFont.ttf in Resources */ = {isa = PBXBuildFile; fileRef = 86E595B32404B9AD00231D53 /* 8BitBoldFont.ttf */; };
		86E595B72404BCC700231D53 /* StyleGuide.swift in Sources */ = {isa = PBXBuildFile; fileRef = 86E595B62404BCC700231D53 /* StyleGuide.swift */; };
		86E595BB2404BE5C00231D53 /* UIColor Extension.swift in Sources */ = {isa = PBXBuildFile; fileRef = 86E595BA2404BE5C00231D53 /* UIColor Extension.swift */; };
/* End PBXBuildFile section */

/* Begin PBXFileReference section */
		860B177C23F3A4E500A5FA2D /* Pixel Gen.app */ = {isa = PBXFileReference; explicitFileType = wrapper.application; includeInIndex = 0; path = "Pixel Gen.app"; sourceTree = BUILT_PRODUCTS_DIR; };
		860B177F23F3A4E500A5FA2D /* AppDelegate.swift */ = {isa = PBXFileReference; lastKnownFileType = sourcecode.swift; path = AppDelegate.swift; sourceTree = "<group>"; };
		860B178323F3A4E500A5FA2D /* MainViewController.swift */ = {isa = PBXFileReference; lastKnownFileType = sourcecode.swift; path = MainViewController.swift; sourceTree = "<group>"; };
		860B178823F3A4E500A5FA2D /* Assets.xcassets */ = {isa = PBXFileReference; lastKnownFileType = folder.assetcatalog; path = Assets.xcassets; sourceTree = "<group>"; };
		860B178B23F3A4E500A5FA2D /* Base */ = {isa = PBXFileReference; lastKnownFileType = file.storyboard; name = Base; path = Base.lproj/LaunchScreen.storyboard; sourceTree = "<group>"; };
		860B178D23F3A4E500A5FA2D /* Info.plist */ = {isa = PBXFileReference; lastKnownFileType = text.plist.xml; path = Info.plist; sourceTree = "<group>"; };
		863C7517240DF51300B9E089 /* GenerationController.swift */ = {isa = PBXFileReference; lastKnownFileType = sourcecode.swift; path = GenerationController.swift; sourceTree = "<group>"; };
		866A162D24095C4A00448243 /* MainNavigationController.swift */ = {isa = PBXFileReference; lastKnownFileType = sourcecode.swift; path = MainNavigationController.swift; sourceTree = "<group>"; };
		866A16332409661700448243 /* ParameterTableViewCell.swift */ = {isa = PBXFileReference; lastKnownFileType = sourcecode.swift; path = ParameterTableViewCell.swift; sourceTree = "<group>"; };
		866A163724096B1400448243 /* 8bitOperatorPlus8-Regular.ttf */ = {isa = PBXFileReference; lastKnownFileType = file; path = "8bitOperatorPlus8-Regular.ttf"; sourceTree = "<group>"; };
		866A163D2409700900448243 /* Parameter.swift */ = {isa = PBXFileReference; lastKnownFileType = sourcecode.swift; path = Parameter.swift; sourceTree = "<group>"; };
		866A163F2409702400448243 /* ParameterController.swift */ = {isa = PBXFileReference; lastKnownFileType = sourcecode.swift; path = ParameterController.swift; sourceTree = "<group>"; };
		8698455F24020106003E4D8E /* ParametersViewController.swift */ = {isa = PBXFileReference; lastKnownFileType = sourcecode.swift; path = ParametersViewController.swift; sourceTree = "<group>"; };
		86B7036F242C1BC000E3C8FD /* TutorialController.swift */ = {isa = PBXFileReference; lastKnownFileType = sourcecode.swift; path = TutorialController.swift; sourceTree = "<group>"; };
		86B70371242C1F3800E3C8FD /* Tutorial.swift */ = {isa = PBXFileReference; lastKnownFileType = sourcecode.swift; path = Tutorial.swift; sourceTree = "<group>"; };
		86B70374242C22F100E3C8FD /* OnboardingTutorialViewController.swift */ = {isa = PBXFileReference; lastKnownFileType = sourcecode.swift; path = OnboardingTutorialViewController.swift; sourceTree = "<group>"; };
		86E595B32404B9AD00231D53 /* 8BitBoldFont.ttf */ = {isa = PBXFileReference; lastKnownFileType = file; path = 8BitBoldFont.ttf; sourceTree = "<group>"; };
		86E595B62404BCC700231D53 /* StyleGuide.swift */ = {isa = PBXFileReference; lastKnownFileType = sourcecode.swift; path = StyleGuide.swift; sourceTree = "<group>"; };
		86E595BA2404BE5C00231D53 /* UIColor Extension.swift */ = {isa = PBXFileReference; lastKnownFileType = sourcecode.swift; path = "UIColor Extension.swift"; sourceTree = "<group>"; };
/* End PBXFileReference section */

/* Begin PBXFrameworksBuildPhase section */
		860B177923F3A4E500A5FA2D /* Frameworks */ = {
			isa = PBXFrameworksBuildPhase;
			buildActionMask = 2147483647;
			files = (
			);
			runOnlyForDeploymentPostprocessing = 0;
		};
/* End PBXFrameworksBuildPhase section */

/* Begin PBXGroup section */
		860B177323F3A4E500A5FA2D = {
			isa = PBXGroup;
			children = (
				860B177E23F3A4E500A5FA2D /* Core Graphics 1 */,
				860B177D23F3A4E500A5FA2D /* Products */,
			);
			sourceTree = "<group>";
		};
		860B177D23F3A4E500A5FA2D /* Products */ = {
			isa = PBXGroup;
			children = (
				860B177C23F3A4E500A5FA2D /* Pixel Gen.app */,
			);
			name = Products;
			sourceTree = "<group>";
		};
		860B177E23F3A4E500A5FA2D /* Core Graphics 1 */ = {
			isa = PBXGroup;
			children = (
				8620D18323F647D8006DFC52 /* Storyboards */,
				8620D18223F647C4006DFC52 /* View Controllers */,
				866A163B24096FBA00448243 /* Controllers */,
				866A163C24096FC500448243 /* Models */,
				86E595B52404BCBA00231D53 /* Other */,
				86E595B92404BE4800231D53 /* Extensions */,
				8620D18423F647FD006DFC52 /* Resources */,
			);
			path = "Core Graphics 1";
			sourceTree = "<group>";
		};
		8620D18223F647C4006DFC52 /* View Controllers */ = {
			isa = PBXGroup;
			children = (
				86B70373242C22CC00E3C8FD /* Tutorials */,
				866A162D24095C4A00448243 /* MainNavigationController.swift */,
				860B178323F3A4E500A5FA2D /* MainViewController.swift */,
				866A1631240965F500448243 /* Settings */,
			);
			path = "View Controllers";
			sourceTree = "<group>";
		};
		8620D18323F647D8006DFC52 /* Storyboards */ = {
			isa = PBXGroup;
			children = (
				860B178A23F3A4E500A5FA2D /* LaunchScreen.storyboard */,
			);
			path = Storyboards;
			sourceTree = "<group>";
		};
		8620D18423F647FD006DFC52 /* Resources */ = {
			isa = PBXGroup;
			children = (
				86E595B22404B99000231D53 /* Custom Fonts */,
				860B177F23F3A4E500A5FA2D /* AppDelegate.swift */,
				860B178823F3A4E500A5FA2D /* Assets.xcassets */,
				860B178D23F3A4E500A5FA2D /* Info.plist */,
			);
			path = Resources;
			sourceTree = "<group>";
		};
		866A1631240965F500448243 /* Settings */ = {
			isa = PBXGroup;
			children = (
				866A16322409660000448243 /* Cells */,
				8698455F24020106003E4D8E /* ParametersViewController.swift */,
			);
			path = Settings;
			sourceTree = "<group>";
		};
		866A16322409660000448243 /* Cells */ = {
			isa = PBXGroup;
			children = (
				866A16332409661700448243 /* ParameterTableViewCell.swift */,
			);
			path = Cells;
			sourceTree = "<group>";
		};
		866A163B24096FBA00448243 /* Controllers */ = {
			isa = PBXGroup;
			children = (
				866A163F2409702400448243 /* ParameterController.swift */,
				863C7517240DF51300B9E089 /* GenerationController.swift */,
				86B7036F242C1BC000E3C8FD /* TutorialController.swift */,
			);
			path = Controllers;
			sourceTree = "<group>";
		};
		866A163C24096FC500448243 /* Models */ = {
			isa = PBXGroup;
			children = (
				866A163D2409700900448243 /* Parameter.swift */,
				86B70371242C1F3800E3C8FD /* Tutorial.swift */,
			);
			path = Models;
			sourceTree = "<group>";
		};
		86B70373242C22CC00E3C8FD /* Tutorials */ = {
			isa = PBXGroup;
			children = (
				86B70374242C22F100E3C8FD /* OnboardingTutorialViewController.swift */,
			);
			path = Tutorials;
			sourceTree = "<group>";
		};
		86E595B22404B99000231D53 /* Custom Fonts */ = {
			isa = PBXGroup;
			children = (
				866A163724096B1400448243 /* 8bitOperatorPlus8-Regular.ttf */,
				86E595B32404B9AD00231D53 /* 8BitBoldFont.ttf */,
			);
			path = "Custom Fonts";
			sourceTree = "<group>";
		};
		86E595B52404BCBA00231D53 /* Other */ = {
			isa = PBXGroup;
			children = (
				86E595B62404BCC700231D53 /* StyleGuide.swift */,
			);
			path = Other;
			sourceTree = "<group>";
		};
		86E595B92404BE4800231D53 /* Extensions */ = {
			isa = PBXGroup;
			children = (
				86E595BA2404BE5C00231D53 /* UIColor Extension.swift */,
			);
			path = Extensions;
			sourceTree = "<group>";
		};
/* End PBXGroup section */

/* Begin PBXNativeTarget section */
		860B177B23F3A4E500A5FA2D /* Core Graphics 1 */ = {
			isa = PBXNativeTarget;
			buildConfigurationList = 860B179023F3A4E500A5FA2D /* Build configuration list for PBXNativeTarget "Core Graphics 1" */;
			buildPhases = (
				860B177823F3A4E500A5FA2D /* Sources */,
				860B177923F3A4E500A5FA2D /* Frameworks */,
				860B177A23F3A4E500A5FA2D /* Resources */,
			);
			buildRules = (
			);
			dependencies = (
			);
			name = "Core Graphics 1";
			productName = "Core Graphics 1";
			productReference = 860B177C23F3A4E500A5FA2D /* Pixel Gen.app */;
			productType = "com.apple.product-type.application";
		};
/* End PBXNativeTarget section */

/* Begin PBXProject section */
		860B177423F3A4E500A5FA2D /* Project object */ = {
			isa = PBXProject;
			attributes = {
				LastSwiftUpdateCheck = 1130;
				LastUpgradeCheck = 1130;
				ORGANIZATIONNAME = "Jackson Tubbs";
				TargetAttributes = {
					860B177B23F3A4E500A5FA2D = {
						CreatedOnToolsVersion = 11.3;
					};
				};
			};
			buildConfigurationList = 860B177723F3A4E500A5FA2D /* Build configuration list for PBXProject "Core Graphics 1" */;
			compatibilityVersion = "Xcode 9.3";
			developmentRegion = en;
			hasScannedForEncodings = 0;
			knownRegions = (
				en,
				Base,
			);
			mainGroup = 860B177323F3A4E500A5FA2D;
			productRefGroup = 860B177D23F3A4E500A5FA2D /* Products */;
			projectDirPath = "";
			projectRoot = "";
			targets = (
				860B177B23F3A4E500A5FA2D /* Core Graphics 1 */,
			);
		};
/* End PBXProject section */

/* Begin PBXResourcesBuildPhase section */
		860B177A23F3A4E500A5FA2D /* Resources */ = {
			isa = PBXResourcesBuildPhase;
			buildActionMask = 2147483647;
			files = (
				860B178C23F3A4E500A5FA2D /* LaunchScreen.storyboard in Resources */,
				860B178923F3A4E500A5FA2D /* Assets.xcassets in Resources */,
				866A163824096B1400448243 /* 8bitOperatorPlus8-Regular.ttf in Resources */,
				86E595B42404B9AD00231D53 /* 8BitBoldFont.ttf in Resources */,
			);
			runOnlyForDeploymentPostprocessing = 0;
		};
/* End PBXResourcesBuildPhase section */

/* Begin PBXSourcesBuildPhase section */
		860B177823F3A4E500A5FA2D /* Sources */ = {
			isa = PBXSourcesBuildPhase;
			buildActionMask = 2147483647;
			files = (
				866A162E24095C4A00448243 /* MainNavigationController.swift in Sources */,
				86B70372242C1F3800E3C8FD /* Tutorial.swift in Sources */,
				860B178423F3A4E500A5FA2D /* MainViewController.swift in Sources */,
				8698456024020106003E4D8E /* ParametersViewController.swift in Sources */,
				866A16402409702400448243 /* ParameterController.swift in Sources */,
				86E595BB2404BE5C00231D53 /* UIColor Extension.swift in Sources */,
				86B70375242C22F100E3C8FD /* OnboardingTutorialViewController.swift in Sources */,
				86E595B72404BCC700231D53 /* StyleGuide.swift in Sources */,
				866A16342409661700448243 /* ParameterTableViewCell.swift in Sources */,
				86B70370242C1BC000E3C8FD /* TutorialController.swift in Sources */,
				860B178023F3A4E500A5FA2D /* AppDelegate.swift in Sources */,
				866A163E2409700900448243 /* Parameter.swift in Sources */,
				863C7518240DF51300B9E089 /* GenerationController.swift in Sources */,
			);
			runOnlyForDeploymentPostprocessing = 0;
		};
/* End PBXSourcesBuildPhase section */

/* Begin PBXVariantGroup section */
		860B178A23F3A4E500A5FA2D /* LaunchScreen.storyboard */ = {
			isa = PBXVariantGroup;
			children = (
				860B178B23F3A4E500A5FA2D /* Base */,
			);
			name = LaunchScreen.storyboard;
			sourceTree = "<group>";
		};
/* End PBXVariantGroup section */

/* Begin XCBuildConfiguration section */
		860B178E23F3A4E500A5FA2D /* Debug */ = {
			isa = XCBuildConfiguration;
			buildSettings = {
				ALWAYS_SEARCH_USER_PATHS = NO;
				CLANG_ANALYZER_NONNULL = YES;
				CLANG_ANALYZER_NUMBER_OBJECT_CONVERSION = YES_AGGRESSIVE;
				CLANG_CXX_LANGUAGE_STANDARD = "gnu++14";
				CLANG_CXX_LIBRARY = "libc++";
				CLANG_ENABLE_MODULES = YES;
				CLANG_ENABLE_OBJC_ARC = YES;
				CLANG_ENABLE_OBJC_WEAK = YES;
				CLANG_WARN_BLOCK_CAPTURE_AUTORELEASING = YES;
				CLANG_WARN_BOOL_CONVERSION = YES;
				CLANG_WARN_COMMA = YES;
				CLANG_WARN_CONSTANT_CONVERSION = YES;
				CLANG_WARN_DEPRECATED_OBJC_IMPLEMENTATIONS = YES;
				CLANG_WARN_DIRECT_OBJC_ISA_USAGE = YES_ERROR;
				CLANG_WARN_DOCUMENTATION_COMMENTS = YES;
				CLANG_WARN_EMPTY_BODY = YES;
				CLANG_WARN_ENUM_CONVERSION = YES;
				CLANG_WARN_INFINITE_RECURSION = YES;
				CLANG_WARN_INT_CONVERSION = YES;
				CLANG_WARN_NON_LITERAL_NULL_CONVERSION = YES;
				CLANG_WARN_OBJC_IMPLICIT_RETAIN_SELF = YES;
				CLANG_WARN_OBJC_LITERAL_CONVERSION = YES;
				CLANG_WARN_OBJC_ROOT_CLASS = YES_ERROR;
				CLANG_WARN_RANGE_LOOP_ANALYSIS = YES;
				CLANG_WARN_STRICT_PROTOTYPES = YES;
				CLANG_WARN_SUSPICIOUS_MOVE = YES;
				CLANG_WARN_UNGUARDED_AVAILABILITY = YES_AGGRESSIVE;
				CLANG_WARN_UNREACHABLE_CODE = YES;
				CLANG_WARN__DUPLICATE_METHOD_MATCH = YES;
				COPY_PHASE_STRIP = NO;
				DEBUG_INFORMATION_FORMAT = dwarf;
				ENABLE_STRICT_OBJC_MSGSEND = YES;
				ENABLE_TESTABILITY = YES;
				GCC_C_LANGUAGE_STANDARD = gnu11;
				GCC_DYNAMIC_NO_PIC = NO;
				GCC_NO_COMMON_BLOCKS = YES;
				GCC_OPTIMIZATION_LEVEL = 0;
				GCC_PREPROCESSOR_DEFINITIONS = (
					"DEBUG=1",
					"$(inherited)",
				);
				GCC_WARN_64_TO_32_BIT_CONVERSION = YES;
				GCC_WARN_ABOUT_RETURN_TYPE = YES_ERROR;
				GCC_WARN_UNDECLARED_SELECTOR = YES;
				GCC_WARN_UNINITIALIZED_AUTOS = YES_AGGRESSIVE;
				GCC_WARN_UNUSED_FUNCTION = YES;
				GCC_WARN_UNUSED_VARIABLE = YES;
				IPHONEOS_DEPLOYMENT_TARGET = 13.2;
				MTL_ENABLE_DEBUG_INFO = INCLUDE_SOURCE;
				MTL_FAST_MATH = YES;
				ONLY_ACTIVE_ARCH = YES;
				SDKROOT = iphoneos;
				SWIFT_ACTIVE_COMPILATION_CONDITIONS = DEBUG;
				SWIFT_OPTIMIZATION_LEVEL = "-Onone";
			};
			name = Debug;
		};
		860B178F23F3A4E500A5FA2D /* Release */ = {
			isa = XCBuildConfiguration;
			buildSettings = {
				ALWAYS_SEARCH_USER_PATHS = NO;
				CLANG_ANALYZER_NONNULL = YES;
				CLANG_ANALYZER_NUMBER_OBJECT_CONVERSION = YES_AGGRESSIVE;
				CLANG_CXX_LANGUAGE_STANDARD = "gnu++14";
				CLANG_CXX_LIBRARY = "libc++";
				CLANG_ENABLE_MODULES = YES;
				CLANG_ENABLE_OBJC_ARC = YES;
				CLANG_ENABLE_OBJC_WEAK = YES;
				CLANG_WARN_BLOCK_CAPTURE_AUTORELEASING = YES;
				CLANG_WARN_BOOL_CONVERSION = YES;
				CLANG_WARN_COMMA = YES;
				CLANG_WARN_CONSTANT_CONVERSION = YES;
				CLANG_WARN_DEPRECATED_OBJC_IMPLEMENTATIONS = YES;
				CLANG_WARN_DIRECT_OBJC_ISA_USAGE = YES_ERROR;
				CLANG_WARN_DOCUMENTATION_COMMENTS = YES;
				CLANG_WARN_EMPTY_BODY = YES;
				CLANG_WARN_ENUM_CONVERSION = YES;
				CLANG_WARN_INFINITE_RECURSION = YES;
				CLANG_WARN_INT_CONVERSION = YES;
				CLANG_WARN_NON_LITERAL_NULL_CONVERSION = YES;
				CLANG_WARN_OBJC_IMPLICIT_RETAIN_SELF = YES;
				CLANG_WARN_OBJC_LITERAL_CONVERSION = YES;
				CLANG_WARN_OBJC_ROOT_CLASS = YES_ERROR;
				CLANG_WARN_RANGE_LOOP_ANALYSIS = YES;
				CLANG_WARN_STRICT_PROTOTYPES = YES;
				CLANG_WARN_SUSPICIOUS_MOVE = YES;
				CLANG_WARN_UNGUARDED_AVAILABILITY = YES_AGGRESSIVE;
				CLANG_WARN_UNREACHABLE_CODE = YES;
				CLANG_WARN__DUPLICATE_METHOD_MATCH = YES;
				COPY_PHASE_STRIP = NO;
				DEBUG_INFORMATION_FORMAT = "dwarf-with-dsym";
				ENABLE_NS_ASSERTIONS = NO;
				ENABLE_STRICT_OBJC_MSGSEND = YES;
				GCC_C_LANGUAGE_STANDARD = gnu11;
				GCC_NO_COMMON_BLOCKS = YES;
				GCC_WARN_64_TO_32_BIT_CONVERSION = YES;
				GCC_WARN_ABOUT_RETURN_TYPE = YES_ERROR;
				GCC_WARN_UNDECLARED_SELECTOR = YES;
				GCC_WARN_UNINITIALIZED_AUTOS = YES_AGGRESSIVE;
				GCC_WARN_UNUSED_FUNCTION = YES;
				GCC_WARN_UNUSED_VARIABLE = YES;
				IPHONEOS_DEPLOYMENT_TARGET = 13.2;
				MTL_ENABLE_DEBUG_INFO = NO;
				MTL_FAST_MATH = YES;
				SDKROOT = iphoneos;
				SWIFT_COMPILATION_MODE = wholemodule;
				SWIFT_OPTIMIZATION_LEVEL = "-O";
				VALIDATE_PRODUCT = YES;
			};
			name = Release;
		};
		860B179123F3A4E500A5FA2D /* Debug */ = {
			isa = XCBuildConfiguration;
			buildSettings = {
				ASSETCATALOG_COMPILER_APPICON_NAME = AppIcon;
				CODE_SIGN_STYLE = Automatic;
				DEVELOPMENT_TEAM = 2WP5X762NJ;
				INFOPLIST_FILE = "Core Graphics 1/Resources/Info.plist";
				IPHONEOS_DEPLOYMENT_TARGET = 13.0;
				LD_RUNPATH_SEARCH_PATHS = (
					"$(inherited)",
					"@executable_path/Frameworks",
				);
				PRODUCT_BUNDLE_IDENTIFIER = "Jackson-Tubbs.Core-Graphics-1";
				PRODUCT_NAME = "Pixel Gen";
				SWIFT_VERSION = 5.0;
				TARGETED_DEVICE_FAMILY = "1,2";
			};
			name = Debug;
		};
		860B179223F3A4E500A5FA2D /* Release */ = {
			isa = XCBuildConfiguration;
			buildSettings = {
				ASSETCATALOG_COMPILER_APPICON_NAME = AppIcon;
				CODE_SIGN_STYLE = Automatic;
				DEVELOPMENT_TEAM = 2WP5X762NJ;
				INFOPLIST_FILE = "Core Graphics 1/Resources/Info.plist";
				IPHONEOS_DEPLOYMENT_TARGET = 13.0;
				LD_RUNPATH_SEARCH_PATHS = (
					"$(inherited)",
					"@executable_path/Frameworks",
				);
				PRODUCT_BUNDLE_IDENTIFIER = "Jackson-Tubbs.Core-Graphics-1";
				PRODUCT_NAME = "Pixel Gen";
				SWIFT_VERSION = 5.0;
				TARGETED_DEVICE_FAMILY = "1,2";
			};
			name = Release;
		};
/* End XCBuildConfiguration section */

/* Begin XCConfigurationList section */
		860B177723F3A4E500A5FA2D /* Build configuration list for PBXProject "Core Graphics 1" */ = {
			isa = XCConfigurationList;
			buildConfigurations = (
				860B178E23F3A4E500A5FA2D /* Debug */,
				860B178F23F3A4E500A5FA2D /* Release */,
			);
			defaultConfigurationIsVisible = 0;
			defaultConfigurationName = Release;
		};
		860B179023F3A4E500A5FA2D /* Build configuration list for PBXNativeTarget "Core Graphics 1" */ = {
			isa = XCConfigurationList;
			buildConfigurations = (
				860B179123F3A4E500A5FA2D /* Debug */,
				860B179223F3A4E500A5FA2D /* Release */,
			);
			defaultConfigurationIsVisible = 0;
			defaultConfigurationName = Release;
		};
/* End XCConfigurationList section */
	};
	rootObject = 860B177423F3A4E500A5FA2D /* Project object */;
}
